
Microsoft Visual Studio Solution File, Format Version 12.00
# Visual Studio Version 16
VisualStudioVersion = 16.0.30204.135
MinimumVisualStudioVersion = 10.0.40219.1
Project("{FAE04EC0-301F-11D3-BF4B-00C04F79EFBC}") = "CalcCS", "CalcCS.csproj", "{390E10BA-BC83-4CD8-AD92-A62207DBD8EB}"
EndProject
Global
	GlobalSection(SolutionConfigurationPlatforms) = preSolution
		Debug|Any CPU = Debug|Any CPU
		Release|Any CPU = Release|Any CPU
	EndGlobalSection
	GlobalSection(ProjectConfigurationPlatforms) = postSolution
		{390E10BA-BC83-4CD8-AD92-A62207DBD8EB}.Debug|Any CPU.ActiveCfg = Debug|Any CPU
		{390E10BA-BC83-4CD8-AD92-A62207DBD8EB}.Debug|Any CPU.Build.0 = Debug|Any CPU
		{390E10BA-BC83-4CD8-AD92-A62207DBD8EB}.Release|Any CPU.ActiveCfg = Release|Any CPU
		{390E10BA-BC83-4CD8-AD92-A62207DBD8EB}.Release|Any CPU.Build.0 = Release|Any CPU
	EndGlobalSection
	GlobalSection(SolutionProperties) = preSolution
		HideSolutionNode = FALSE
	EndGlobalSection
	GlobalSection(ExtensibilityGlobals) = postSolution
		SolutionGuid = {43535095-F4AC-4198-8174-A44996DA4F30}
	EndGlobalSection
EndGlobal
